lockfileVersion: '9.0'

settings:
  autoInstallPeers: true
  excludeLinksFromLockfile: false

importers:

  .:
    dependencies:
      '@ai-sdk/openai':
        specifier: ^3.0.48
        version: 3.0.48(zod@4.3.6)
      '@ai-sdk/openai-compatible':
        specifier: ^2.0.37
        version: 2.0.37(zod@4.3.6)
    devDependencies:
      '@jlceda/pro-api-types':
        specifier: ^0.2.21
        version: 0.2.21

packages:

  '@ai-sdk/openai-compatible@2.0.37':
    resolution: {integrity: sha512-+POSFVcgiu47BK64dhsI6OpcDC0/VAE2ZSaXdXGNNhpC/ava++uSRJYks0k2bpfY0wwCTgpAWZsXn/dG2Yppiw==}
    engines: {node: '>=18'}
    peerDependencies:
      zod: ^3.25.76 || ^4.1.8

  '@ai-sdk/openai@3.0.48':
    resolution: {integrity: sha512-ALmj/53EXpcRqMbGpPJPP4UOSWw0q4VGpnDo7YctvsynjkrKDmoneDG/1a7VQnSPYHnJp6tTRMf5ZdxZ5whulg==}
    engines: {node: '>=18'}
    peerDependencies:
      zod: ^3.25.76 || ^4.1.8

  '@ai-sdk/provider-utils@4.0.21':
    resolution: {integrity: sha512-MtFUYI1/8mgDvRmaBDjbLJPFFrMG777AvSgyIFQtZHIMzm88R/12vYBBpnk7pfiWLFE1DSZzY4WDYzGbKAcmiw==}
    engines: {node: '>=18'}
    peerDependencies:
      zod: ^3.25.76 || ^4.1.8

  '@ai-sdk/provider@3.0.8':
    resolution: {integrity: sha512-oGMAgGoQdBXbZqNG0Ze56CHjDZ1IDYOwGYxYjO5KLSlz5HiNQ9udIXsPZ61VWaHGZ5XW/jyjmr6t2xz2jGVwbQ==}
    engines: {node: '>=18'}

  '@jlceda/pro-api-types@0.2.21':
    resolution: {integrity: sha512-uCJrXCQ2HYEEHwNHIUShSFjfsmKq5m/NJo77qQcP4rWi5GOujSR2wgzOlQaCvx256tvsk2siBlwGA2inMHWbTw==}

  '@standard-schema/spec@1.1.0':
    resolution: {integrity: sha512-l2aFy5jALhniG5HgqrD6jXLi/rUWrKvqN/qJx6yoJsgKhblVd+iqqU4RCXavm/jPityDo5TCvKMnpjKnOriy0w==}

  eventsource-parser@3.0.6:
    resolution: {integrity: sha512-Vo1ab+QXPzZ4tCa8SwIHJFaSzy4R6SHf7BY79rFBDf0idraZWAkYrDjDj8uWaSm3S2TK+hJ7/t1CEmZ7jXw+pg==}
    engines: {node: '>=18.0.0'}

  json-schema@0.4.0:
    resolution: {integrity: sha512-es94M3nTIfsEPisRafak+HDLfHXnKBhV3vU5eqPcS3flIWqcxJWgXHXiey3YrpaNsanY5ei1VoYEbOzijuq9BA==}

  zod@4.3.6:
    resolution: {integrity: sha512-rftlrkhHZOcjDwkGlnUtZZkvaPHCsDATp4pGpuOOMDaTdDDXF91wuVDJoWoPsKX/3YPQ5fHuF3STjcYyKr+Qhg==}

snapshots:

  '@ai-sdk/openai-compatible@2.0.37(zod@4.3.6)':
    dependencies:
      '@ai-sdk/provider': 3.0.8
      '@ai-sdk/provider-utils': 4.0.21(zod@4.3.6)
      zod: 4.3.6

  '@ai-sdk/openai@3.0.48(zod@4.3.6)':
    dependencies:
      '@ai-sdk/provider': 3.0.8
      '@ai-sdk/provider-utils': 4.0.21(zod@4.3.6)
      zod: 4.3.6

  '@ai-sdk/provider-utils@4.0.21(zod@4.3.6)':
    dependencies:
      '@ai-sdk/provider': 3.0.8
      '@standard-schema/spec': 1.1.0
      eventsource-parser: 3.0.6
      zod: 4.3.6

  '@ai-sdk/provider@3.0.8':
    dependencies:
      json-schema: 0.4.0

  '@jlceda/pro-api-types@0.2.21': {}

  '@standard-schema/spec@1.1.0': {}

  eventsource-parser@3.0.6: {}

  json-schema@0.4.0: {}

  zod@4.3.6: {}
